
Microsoft Visual Studio Solution File, Format Version 12.00
Project("{FAE04EC0-301F-11D3-BF4B-00C04F79EFBC}") = "DotNet", "DotNet\DotNet.csproj", "{A7074AB5-E675-4BC6-A138-01F7E96CFF03}"
EndProject
Global
	GlobalSection(SolutionConfigurationPlatforms) = preSolution
		Debug|Any CPU = Debug|Any CPU
		Release|Any CPU = Release|Any CPU
	EndGlobalSection
	GlobalSection(ProjectConfigurationPlatforms) = postSolution
		{A7074AB5-E675-4BC6-A138-01F7E96CFF03}.Debug|Any CPU.ActiveCfg = Debug|Any CPU
		{A7074AB5-E675-4BC6-A138-01F7E96CFF03}.Debug|Any CPU.Build.0 = Debug|Any CPU
		{A7074AB5-E675-4BC6-A138-01F7E96CFF03}.Release|Any CPU.ActiveCfg = Release|Any CPU
		{A7074AB5-E675-4BC6-A138-01F7E96CFF03}.Release|Any CPU.Build.0 = Release|Any CPU
	EndGlobalSection
EndGlobal
